
Microsoft Visual Studio Solution File, Format Version 12.00
# Visual Studio Version 16
VisualStudioVersion = 16.0.30804.86
MinimumVisualStudioVersion = 10.0.40219.1
Project("{FAE04EC0-301F-11D3-BF4B-00C04F79EFBC}") = "SE-1000", "SE-1000.csproj", "{4E16E6CA-ED11-4362-AC81-75816B301613}"
EndProject
Global
	GlobalSection(SolutionConfigurationPlatforms) = preSolution
		Debug|x64 = Debug|x64
	EndGlobalSection
	GlobalSection(ProjectConfigurationPlatforms) = postSolution
		{4E16E6CA-ED11-4362-AC81-75816B301613}.Debug|x64.ActiveCfg = Debug|x64
		{4E16E6CA-ED11-4362-AC81-75816B301613}.Debug|x64.Build.0 = Debug|x64
	EndGlobalSection
	GlobalSection(SolutionProperties) = preSolution
		HideSolutionNode = FALSE
	EndGlobalSection
	GlobalSection(ExtensibilityGlobals) = postSolution
		SolutionGuid = {89FEDAD7-5463-41B1-86B5-4CE942BBDD71}
	EndGlobalSection
EndGlobal
